
Microsoft Visual Studio Solution File, Format Version 12.00
# Visual Studio 15
VisualStudioVersion = 15.0.27428.2005
MinimumVisualStudioVersion = 10.0.40219.1
Project("{8BC9CEB8-8B4A-11D0-8D11-00A0C91BC942}") = "dlog", "dlog\dlog.vcxproj", "{DD743092-8B1D-4373-A643-DDFF0DB1A9AE}"
EndProject
Project("{FAE04EC0-301F-11D3-BF4B-00C04F79EFBC}") = "UnitTest", "UnitTest\UnitTest.csproj", "{1FD8AA2C-DB31-4F2A-994D-85B6177FC4C9}"
EndProject
Project("{8BC9CEB8-8B4A-11D0-8D11-00A0C91BC942}") = "UnitTest1", "UnitTest1\UnitTest1.vcxproj", "{CD8DFA99-8E0B-4C6D-A490-F161E184CC79}"
EndProject
Project("{8BC9CEB8-8B4A-11D0-8D11-00A0C91BC942}") = "glog", "sdk\glogBuild64\glog.vcxproj", "{8D914F35-D6A1-35BB-9347-87109B700EC3}"
EndProject
Project("{8BC9CEB8-8B4A-11D0-8D11-00A0C91BC942}") = "Dll1", "Dll1\Dll1.vcxproj", "{E6F95D87-BE0D-4B53-9015-9C46641E3096}"
EndProject
Project("{FAE04EC0-301F-11D3-BF4B-00C04F79EFBC}") = "WindowsFormsApp1", "WindowsFormsApp1\WindowsFormsApp1.csproj", "{20E033E2-033E-4DCA-BCC4-1EC2EF5D78D3}"
EndProject
Global
	GlobalSection(SolutionConfigurationPlatforms) = preSolution
		Debug|Any CPU = Debug|Any CPU
		Debug|Win32 = Debug|Win32
		Debug|x64 = Debug|x64
		Debug|x86 = Debug|x86
		MinSizeRel|Any CPU = MinSizeRel|Any CPU
		MinSizeRel|Win32 = MinSizeRel|Win32
		MinSizeRel|x64 = MinSizeRel|x64
		MinSizeRel|x86 = MinSizeRel|x86
		Release|Any CPU = Release|Any CPU
		Release|Win32 = Release|Win32
		Release|x64 = Release|x64
		Release|x86 = Release|x86
		RelWithDebInfo|Any CPU = RelWithDebInfo|Any CPU
		RelWithDebInfo|Win32 = RelWithDebInfo|Win32
		RelWithDebInfo|x64 = RelWithDebInfo|x64
		RelWithDebInfo|x86 = RelWithDebInfo|x86
	EndGlobalSection
	GlobalSection(ProjectConfigurationPlatforms) = postSolution
		{DD743092-8B1D-4373-A643-DDFF0DB1A9AE}.Debug|Any CPU.ActiveCfg = Debug|x64
		{DD743092-8B1D-4373-A643-DDFF0DB1A9AE}.Debug|Win32.ActiveCfg = Debug|Win32
		{DD743092-8B1D-4373-A643-DDFF0DB1A9AE}.Debug|Win32.Build.0 = Debug|Win32
		{DD743092-8B1D-4373-A643-DDFF0DB1A9AE}.Debug|x64.ActiveCfg = Debug|x64
		{DD743092-8B1D-4373-A643-DDFF0DB1A9AE}.Debug|x64.Build.0 = Debug|x64
		{DD743092-8B1D-4373-A643-DDFF0DB1A9AE}.Debug|x86.ActiveCfg = Debug|x64
		{DD743092-8B1D-4373-A643-DDFF0DB1A9AE}.Debug|x86.Build.0 = Debug|x64
		{DD743092-8B1D-4373-A643-DDFF0DB1A9AE}.MinSizeRel|Any CPU.ActiveCfg = Release|x64
		{DD743092-8B1D-4373-A643-DDFF0DB1A9AE}.MinSizeRel|Any CPU.Build.0 = Release|x64
		{DD743092-8B1D-4373-A643-DDFF0DB1A9AE}.MinSizeRel|Win32.ActiveCfg = Release|Win32
		{DD743092-8B1D-4373-A643-DDFF0DB1A9AE}.MinSizeRel|Win32.Build.0 = Release|Win32
		{DD743092-8B1D-4373-A643-DDFF0DB1A9AE}.MinSizeRel|x64.ActiveCfg = Release|x64
		{DD743092-8B1D-4373-A643-DDFF0DB1A9AE}.MinSizeRel|x64.Build.0 = Release|x64
		{DD743092-8B1D-4373-A643-DDFF0DB1A9AE}.MinSizeRel|x86.ActiveCfg = Release|x64
		{DD743092-8B1D-4373-A643-DDFF0DB1A9AE}.MinSizeRel|x86.Build.0 = Release|x64
		{DD743092-8B1D-4373-A643-DDFF0DB1A9AE}.Release|Any CPU.ActiveCfg = Release|x64
		{DD743092-8B1D-4373-A643-DDFF0DB1A9AE}.Release|Win32.ActiveCfg = Release|Win32
		{DD743092-8B1D-4373-A643-DDFF0DB1A9AE}.Release|Win32.Build.0 = Release|Win32
		{DD743092-8B1D-4373-A643-DDFF0DB1A9AE}.Release|x64.ActiveCfg = Release|x64
		{DD743092-8B1D-4373-A643-DDFF0DB1A9AE}.Release|x64.Build.0 = Release|x64
		{DD743092-8B1D-4373-A643-DDFF0DB1A9AE}.Release|x86.ActiveCfg = Release|x64
		{DD743092-8B1D-4373-A643-DDFF0DB1A9AE}.RelWithDebInfo|Any CPU.ActiveCfg = Release|x64
		{DD743092-8B1D-4373-A643-DDFF0DB1A9AE}.RelWithDebInfo|Any CPU.Build.0 = Release|x64
		{DD743092-8B1D-4373-A643-DDFF0DB1A9AE}.RelWithDebInfo|Win32.ActiveCfg = Release|Win32
		{DD743092-8B1D-4373-A643-DDFF0DB1A9AE}.RelWithDebInfo|Win32.Build.0 = Release|Win32
		{DD743092-8B1D-4373-A643-DDFF0DB1A9AE}.RelWithDebInfo|x64.ActiveCfg = Release|x64
		{DD743092-8B1D-4373-A643-DDFF0DB1A9AE}.RelWithDebInfo|x64.Build.0 = Release|x64
		{DD743092-8B1D-4373-A643-DDFF0DB1A9AE}.RelWithDebInfo|x86.ActiveCfg = Release|x64
		{DD743092-8B1D-4373-A643-DDFF0DB1A9AE}.RelWithDebInfo|x86.Build.0 = Release|x64
		{1FD8AA2C-DB31-4F2A-994D-85B6177FC4C9}.Debug|Any CPU.ActiveCfg = Debug|Any CPU
		{1FD8AA2C-DB31-4F2A-994D-85B6177FC4C9}.Debug|Any CPU.Build.0 = Debug|Any CPU
		{1FD8AA2C-DB31-4F2A-994D-85B6177FC4C9}.Debug|Win32.ActiveCfg = Debug|Any CPU
		{1FD8AA2C-DB31-4F2A-994D-85B6177FC4C9}.Debug|Win32.Build.0 = Debug|Any CPU
		{1FD8AA2C-DB31-4F2A-994D-85B6177FC4C9}.Debug|x64.ActiveCfg = Debug|Any CPU
		{1FD8AA2C-DB31-4F2A-994D-85B6177FC4C9}.Debug|x64.Build.0 = Debug|Any CPU
		{1FD8AA2C-DB31-4F2A-994D-85B6177FC4C9}.Debug|x86.ActiveCfg = Debug|Any CPU
		{1FD8AA2C-DB31-4F2A-994D-85B6177FC4C9}.Debug|x86.Build.0 = Debug|Any CPU
		{1FD8AA2C-DB31-4F2A-994D-85B6177FC4C9}.MinSizeRel|Any CPU.ActiveCfg = Release|Any CPU
		{1FD8AA2C-DB31-4F2A-994D-85B6177FC4C9}.MinSizeRel|Any CPU.Build.0 = Release|Any CPU
		{1FD8AA2C-DB31-4F2A-994D-85B6177FC4C9}.MinSizeRel|Win32.ActiveCfg = Release|Any CPU
		{1FD8AA2C-DB31-4F2A-994D-85B6177FC4C9}.MinSizeRel|Win32.Build.0 = Release|Any CPU
		{1FD8AA2C-DB31-4F2A-994D-85B6177FC4C9}.MinSizeRel|x64.ActiveCfg = Release|Any CPU
		{1FD8AA2C-DB31-4F2A-994D-85B6177FC4C9}.MinSizeRel|x64.Build.0 = Release|Any CPU
		{1FD8AA2C-DB31-4F2A-994D-85B6177FC4C9}.MinSizeRel|x86.ActiveCfg = Release|Any CPU
		{1FD8AA2C-DB31-4F2A-994D-85B6177FC4C9}.MinSizeRel|x86.Build.0 = Release|Any CPU
		{1FD8AA2C-DB31-4F2A-994D-85B6177FC4C9}.Release|Any CPU.ActiveCfg = Release|Any CPU
		{1FD8AA2C-DB31-4F2A-994D-85B6177FC4C9}.Release|Any CPU.Build.0 = Release|Any CPU
		{1FD8AA2C-DB31-4F2A-994D-85B6177FC4C9}.Release|Win32.ActiveCfg = Release|Any CPU
		{1FD8AA2C-DB31-4F2A-994D-85B6177FC4C9}.Release|Win32.Build.0 = Release|Any CPU
		{1FD8AA2C-DB31-4F2A-994D-85B6177FC4C9}.Release|x64.ActiveCfg = Release|Any CPU
		{1FD8AA2C-DB31-4F2A-994D-85B6177FC4C9}.Release|x64.Build.0 = Release|Any CPU
		{1FD8AA2C-DB31-4F2A-994D-85B6177FC4C9}.Release|x86.ActiveCfg = Release|Any CPU
		{1FD8AA2C-DB31-4F2A-994D-85B6177FC4C9}.Release|x86.Build.0 = Release|Any CPU
		{1FD8AA2C-DB31-4F2A-994D-85B6177FC4C9}.RelWithDebInfo|Any CPU.ActiveCfg = Release|Any CPU
		{1FD8AA2C-DB31-4F2A-994D-85B6177FC4C9}.RelWithDebInfo|Any CPU.Build.0 = Release|Any CPU
		{1FD8AA2C-DB31-4F2A-994D-85B6177FC4C9}.RelWithDebInfo|Win32.ActiveCfg = Release|Any CPU
		{1FD8AA2C-DB31-4F2A-994D-85B6177FC4C9}.RelWithDebInfo|Win32.Build.0 = Release|Any CPU
		{1FD8AA2C-DB31-4F2A-994D-85B6177FC4C9}.RelWithDebInfo|x64.ActiveCfg = Release|Any CPU
		{1FD8AA2C-DB31-4F2A-994D-85B6177FC4C9}.RelWithDebInfo|x64.Build.0 = Release|Any CPU
		{1FD8AA2C-DB31-4F2A-994D-85B6177FC4C9}.RelWithDebInfo|x86.ActiveCfg = Release|Any CPU
		{1FD8AA2C-DB31-4F2A-994D-85B6177FC4C9}.RelWithDebInfo|x86.Build.0 = Release|Any CPU
		{CD8DFA99-8E0B-4C6D-A490-F161E184CC79}.Debug|Any CPU.ActiveCfg = Debug|x64
		{CD8DFA99-8E0B-4C6D-A490-F161E184CC79}.Debug|Win32.ActiveCfg = Debug|Win32
		{CD8DFA99-8E0B-4C6D-A490-F161E184CC79}.Debug|Win32.Build.0 = Debug|Win32
		{CD8DFA99-8E0B-4C6D-A490-F161E184CC79}.Debug|x64.ActiveCfg = Debug|x64
		{CD8DFA99-8E0B-4C6D-A490-F161E184CC79}.Debug|x64.Build.0 = Debug|x64
		{CD8DFA99-8E0B-4C6D-A490-F161E184CC79}.Debug|x86.ActiveCfg = Debug|x64
		{CD8DFA99-8E0B-4C6D-A490-F161E184CC79}.MinSizeRel|Any CPU.ActiveCfg = Release|x64
		{CD8DFA99-8E0B-4C6D-A490-F161E184CC79}.MinSizeRel|Any CPU.Build.0 = Release|x64
		{CD8DFA99-8E0B-4C6D-A490-F161E184CC79}.MinSizeRel|Win32.ActiveCfg = Release|Win32
		{CD8DFA99-8E0B-4C6D-A490-F161E184CC79}.MinSizeRel|Win32.Build.0 = Release|Win32
		{CD8DFA99-8E0B-4C6D-A490-F161E184CC79}.MinSizeRel|x64.ActiveCfg = Release|x64
		{CD8DFA99-8E0B-4C6D-A490-F161E184CC79}.MinSizeRel|x64.Build.0 = Release|x64
		{CD8DFA99-8E0B-4C6D-A490-F161E184CC79}.MinSizeRel|x86.ActiveCfg = Release|x64
		{CD8DFA99-8E0B-4C6D-A490-F161E184CC79}.MinSizeRel|x86.Build.0 = Release|x64
		{CD8DFA99-8E0B-4C6D-A490-F161E184CC79}.Release|Any CPU.ActiveCfg = Release|x64
		{CD8DFA99-8E0B-4C6D-A490-F161E184CC79}.Release|Win32.ActiveCfg = Release|Win32
		{CD8DFA99-8E0B-4C6D-A490-F161E184CC79}.Release|Win32.Build.0 = Release|Win32
		{CD8DFA99-8E0B-4C6D-A490-F161E184CC79}.Release|x64.ActiveCfg = Release|x64
		{CD8DFA99-8E0B-4C6D-A490-F161E184CC79}.Release|x64.Build.0 = Release|x64
		{CD8DFA99-8E0B-4C6D-A490-F161E184CC79}.Release|x86.ActiveCfg = Release|x64
		{CD8DFA99-8E0B-4C6D-A490-F161E184CC79}.RelWithDebInfo|Any CPU.ActiveCfg = Release|x64
		{CD8DFA99-8E0B-4C6D-A490-F161E184CC79}.RelWithDebInfo|Any CPU.Build.0 = Release|x64
		{CD8DFA99-8E0B-4C6D-A490-F161E184CC79}.RelWithDebInfo|Win32.ActiveCfg = Release|Win32
		{CD8DFA99-8E0B-4C6D-A490-F161E184CC79}.RelWithDebInfo|Win32.Build.0 = Release|Win32
		{CD8DFA99-8E0B-4C6D-A490-F161E184CC79}.RelWithDebInfo|x64.ActiveCfg = Release|x64
		{CD8DFA99-8E0B-4C6D-A490-F161E184CC79}.RelWithDebInfo|x64.Build.0 = Release|x64
		{CD8DFA99-8E0B-4C6D-A490-F161E184CC79}.RelWithDebInfo|x86.ActiveCfg = Release|x64
		{CD8DFA99-8E0B-4C6D-A490-F161E184CC79}.RelWithDebInfo|x86.Build.0 = Release|x64
		{8D914F35-D6A1-35BB-9347-87109B700EC3}.Debug|Any CPU.ActiveCfg = Debug|x64
		{8D914F35-D6A1-35BB-9347-87109B700EC3}.Debug|Win32.ActiveCfg = Debug|Win32
		{8D914F35-D6A1-35BB-9347-87109B700EC3}.Debug|Win32.Build.0 = Debug|Win32
		{8D914F35-D6A1-35BB-9347-87109B700EC3}.Debug|x64.ActiveCfg = Debug|x64
		{8D914F35-D6A1-35BB-9347-87109B700EC3}.Debug|x64.Build.0 = Debug|x64
		{8D914F35-D6A1-35BB-9347-87109B700EC3}.Debug|x86.ActiveCfg = Debug|x64
		{8D914F35-D6A1-35BB-9347-87109B700EC3}.Debug|x86.Build.0 = Debug|x64
		{8D914F35-D6A1-35BB-9347-87109B700EC3}.MinSizeRel|Any CPU.ActiveCfg = MinSizeRel|x64
		{8D914F35-D6A1-35BB-9347-87109B700EC3}.MinSizeRel|Win32.ActiveCfg = MinSizeRel|Win32
		{8D914F35-D6A1-35BB-9347-87109B700EC3}.MinSizeRel|Win32.Build.0 = MinSizeRel|Win32
		{8D914F35-D6A1-35BB-9347-87109B700EC3}.MinSizeRel|x64.ActiveCfg = MinSizeRel|x64
		{8D914F35-D6A1-35BB-9347-87109B700EC3}.MinSizeRel|x64.Build.0 = MinSizeRel|x64
		{8D914F35-D6A1-35BB-9347-87109B700EC3}.MinSizeRel|x86.ActiveCfg = MinSizeRel|x64
		{8D914F35-D6A1-35BB-9347-87109B700EC3}.Release|Any CPU.ActiveCfg = Release|x64
		{8D914F35-D6A1-35BB-9347-87109B700EC3}.Release|Win32.ActiveCfg = Release|Win32
		{8D914F35-D6A1-35BB-9347-87109B700EC3}.Release|Win32.Build.0 = Release|Win32
		{8D914F35-D6A1-35BB-9347-87109B700EC3}.Release|x64.ActiveCfg = Release|x64
		{8D914F35-D6A1-35BB-9347-87109B700EC3}.Release|x64.Build.0 = Release|x64
		{8D914F35-D6A1-35BB-9347-87109B700EC3}.Release|x86.ActiveCfg = Release|x64
		{8D914F35-D6A1-35BB-9347-87109B700EC3}.RelWithDebInfo|Any CPU.ActiveCfg = RelWithDebInfo|x64
		{8D914F35-D6A1-35BB-9347-87109B700EC3}.RelWithDebInfo|Win32.ActiveCfg = RelWithDebInfo|Win32
		{8D914F35-D6A1-35BB-9347-87109B700EC3}.RelWithDebInfo|Win32.Build.0 = RelWithDebInfo|Win32
		{8D914F35-D6A1-35BB-9347-87109B700EC3}.RelWithDebInfo|x64.ActiveCfg = RelWithDebInfo|x64
		{8D914F35-D6A1-35BB-9347-87109B700EC3}.RelWithDebInfo|x64.Build.0 = RelWithDebInfo|x64
		{8D914F35-D6A1-35BB-9347-87109B700EC3}.RelWithDebInfo|x86.ActiveCfg = RelWithDebInfo|x64
		{E6F95D87-BE0D-4B53-9015-9C46641E3096}.Debug|Any CPU.ActiveCfg = Debug|Win32
		{E6F95D87-BE0D-4B53-9015-9C46641E3096}.Debug|Win32.ActiveCfg = Debug|Win32
		{E6F95D87-BE0D-4B53-9015-9C46641E3096}.Debug|Win32.Build.0 = Debug|Win32
		{E6F95D87-BE0D-4B53-9015-9C46641E3096}.Debug|x64.ActiveCfg = Debug|x64
		{E6F95D87-BE0D-4B53-9015-9C46641E3096}.Debug|x64.Build.0 = Debug|x64
		{E6F95D87-BE0D-4B53-9015-9C46641E3096}.Debug|x86.ActiveCfg = Debug|Win32
		{E6F95D87-BE0D-4B53-9015-9C46641E3096}.Debug|x86.Build.0 = Debug|Win32
		{E6F95D87-BE0D-4B53-9015-9C46641E3096}.MinSizeRel|Any CPU.ActiveCfg = Release|x64
		{E6F95D87-BE0D-4B53-9015-9C46641E3096}.MinSizeRel|Any CPU.Build.0 = Release|x64
		{E6F95D87-BE0D-4B53-9015-9C46641E3096}.MinSizeRel|Win32.ActiveCfg = Release|Win32
		{E6F95D87-BE0D-4B53-9015-9C46641E3096}.MinSizeRel|Win32.Build.0 = Release|Win32
		{E6F95D87-BE0D-4B53-9015-9C46641E3096}.MinSizeRel|x64.ActiveCfg = Release|x64
		{E6F95D87-BE0D-4B53-9015-9C46641E3096}.MinSizeRel|x64.Build.0 = Release|x64
		{E6F95D87-BE0D-4B53-9015-9C46641E3096}.MinSizeRel|x86.ActiveCfg = Release|Win32
		{E6F95D87-BE0D-4B53-9015-9C46641E3096}.MinSizeRel|x86.Build.0 = Release|Win32
		{E6F95D87-BE0D-4B53-9015-9C46641E3096}.Release|Any CPU.ActiveCfg = Release|Win32
		{E6F95D87-BE0D-4B53-9015-9C46641E3096}.Release|Win32.ActiveCfg = Release|Win32
		{E6F95D87-BE0D-4B53-9015-9C46641E3096}.Release|Win32.Build.0 = Release|Win32
		{E6F95D87-BE0D-4B53-9015-9C46641E3096}.Release|x64.ActiveCfg = Release|x64
		{E6F95D87-BE0D-4B53-9015-9C46641E3096}.Release|x64.Build.0 = Release|x64
		{E6F95D87-BE0D-4B53-9015-9C46641E3096}.Release|x86.ActiveCfg = Release|Win32
		{E6F95D87-BE0D-4B53-9015-9C46641E3096}.Release|x86.Build.0 = Release|Win32
		{E6F95D87-BE0D-4B53-9015-9C46641E3096}.RelWithDebInfo|Any CPU.ActiveCfg = Release|x64
		{E6F95D87-BE0D-4B53-9015-9C46641E3096}.RelWithDebInfo|Any CPU.Build.0 = Release|x64
		{E6F95D87-BE0D-4B53-9015-9C46641E3096}.RelWithDebInfo|Win32.ActiveCfg = Release|Win32
		{E6F95D87-BE0D-4B53-9015-9C46641E3096}.RelWithDebInfo|Win32.Build.0 = Release|Win32
		{E6F95D87-BE0D-4B53-9015-9C46641E3096}.RelWithDebInfo|x64.ActiveCfg = Release|x64
		{E6F95D87-BE0D-4B53-9015-9C46641E3096}.RelWithDebInfo|x64.Build.0 = Release|x64
		{E6F95D87-BE0D-4B53-9015-9C46641E3096}.RelWithDebInfo|x86.ActiveCfg = Release|Win32
		{E6F95D87-BE0D-4B53-9015-9C46641E3096}.RelWithDebInfo|x86.Build.0 = Release|Win32
		{20E033E2-033E-4DCA-BCC4-1EC2EF5D78D3}.Debug|Any CPU.ActiveCfg = Debug|Any CPU
		{20E033E2-033E-4DCA-BCC4-1EC2EF5D78D3}.Debug|Any CPU.Build.0 = Debug|Any CPU
		{20E033E2-033E-4DCA-BCC4-1EC2EF5D78D3}.Debug|Win32.ActiveCfg = Debug|Any CPU
		{20E033E2-033E-4DCA-BCC4-1EC2EF5D78D3}.Debug|Win32.Build.0 = Debug|Any CPU
		{20E033E2-033E-4DCA-BCC4-1EC2EF5D78D3}.Debug|x64.ActiveCfg = Debug|Any CPU
		{20E033E2-033E-4DCA-BCC4-1EC2EF5D78D3}.Debug|x64.Build.0 = Debug|Any CPU
		{20E033E2-033E-4DCA-BCC4-1EC2EF5D78D3}.Debug|x86.ActiveCfg = Debug|Any CPU
		{20E033E2-033E-4DCA-BCC4-1EC2EF5D78D3}.Debug|x86.Build.0 = Debug|Any CPU
		{20E033E2-033E-4DCA-BCC4-1EC2EF5D78D3}.MinSizeRel|Any CPU.ActiveCfg = Release|Any CPU
		{20E033E2-033E-4DCA-BCC4-1EC2EF5D78D3}.MinSizeRel|Any CPU.Build.0 = Release|Any CPU
		{20E033E2-033E-4DCA-BCC4-1EC2EF5D78D3}.MinSizeRel|Win32.ActiveCfg = Release|Any CPU
		{20E033E2-033E-4DCA-BCC4-1EC2EF5D78D3}.MinSizeRel|Win32.Build.0 = Release|Any CPU
		{20E033E2-033E-4DCA-BCC4-1EC2EF5D78D3}.MinSizeRel|x64.ActiveCfg = Release|Any CPU
		{20E033E2-033E-4DCA-BCC4-1EC2EF5D78D3}.MinSizeRel|x64.Build.0 = Release|Any CPU
		{20E033E2-033E-4DCA-BCC4-1EC2EF5D78D3}.MinSizeRel|x86.ActiveCfg = Release|Any CPU
		{20E033E2-033E-4DCA-BCC4-1EC2EF5D78D3}.MinSizeRel|x86.Build.0 = Release|Any CPU
		{20E033E2-033E-4DCA-BCC4-1EC2EF5D78D3}.Release|Any CPU.ActiveCfg = Release|Any CPU
		{20E033E2-033E-4DCA-BCC4-1EC2EF5D78D3}.Release|Any CPU.Build.0 = Release|Any CPU
		{20E033E2-033E-4DCA-BCC4-1EC2EF5D78D3}.Release|Win32.ActiveCfg = Release|Any CPU
		{20E033E2-033E-4DCA-BCC4-1EC2EF5D78D3}.Release|Win32.Build.0 = Release|Any CPU
		{20E033E2-033E-4DCA-BCC4-1EC2EF5D78D3}.Release|x64.ActiveCfg = Release|Any CPU
		{20E033E2-033E-4DCA-BCC4-1EC2EF5D78D3}.Release|x64.Build.0 = Release|Any CPU
		{20E033E2-033E-4DCA-BCC4-1EC2EF5D78D3}.Release|x86.ActiveCfg = Release|Any CPU
		{20E033E2-033E-4DCA-BCC4-1EC2EF5D78D3}.Release|x86.Build.0 = Release|Any CPU
		{20E033E2-033E-4DCA-BCC4-1EC2EF5D78D3}.RelWithDebInfo|Any CPU.ActiveCfg = Release|Any CPU
		{20E033E2-033E-4DCA-BCC4-1EC2EF5D78D3}.RelWithDebInfo|Any CPU.Build.0 = Release|Any CPU
		{20E033E2-033E-4DCA-BCC4-1EC2EF5D78D3}.RelWithDebInfo|Win32.ActiveCfg = Release|Any CPU
		{20E033E2-033E-4DCA-BCC4-1EC2EF5D78D3}.RelWithDebInfo|Win32.Build.0 = Release|Any CPU
		{20E033E2-033E-4DCA-BCC4-1EC2EF5D78D3}.RelWithDebInfo|x64.ActiveCfg = Release|Any CPU
		{20E033E2-033E-4DCA-BCC4-1EC2EF5D78D3}.RelWithDebInfo|x64.Build.0 = Release|Any CPU
		{20E033E2-033E-4DCA-BCC4-1EC2EF5D78D3}.RelWithDebInfo|x86.ActiveCfg = Release|Any CPU
		{20E033E2-033E-4DCA-BCC4-1EC2EF5D78D3}.RelWithDebInfo|x86.Build.0 = Release|Any CPU
	EndGlobalSection
	GlobalSection(SolutionProperties) = preSolution
		HideSolutionNode = FALSE
	EndGlobalSection
	GlobalSection(ExtensibilityGlobals) = postSolution
		SolutionGuid = {15F92905-B22B-4352-8CC6-74D7A12238C6}
	EndGlobalSection
EndGlobal
