<?xml version="1.0" encoding="UTF-8"?>
<Project ToolsVersion="15.0" xmlns="http://schemas.microsoft.com/developer/msbuild/2003">
  <ItemGroup>
    <CustomBuild Include="D:\work\dlog\sdk\glog\CMakeLists.txt" />
    <CustomBuild Include="D:\work\dlog\sdk\glogBuild64\CMakeFiles\3425e7e2b70d455b766da73d841bff8a\NightlyMemoryCheck.rule">
      <Filter>CMake Rules</Filter>
    </CustomBuild>
  </ItemGroup>
  <ItemGroup>
    <None Include="D:\work\dlog\sdk\glogBuild64\CMakeFiles\NightlyMemoryCheck" />
  </ItemGroup>
  <ItemGroup>
    <Filter Include="CMake Rules">
      <UniqueIdentifier>{28CD6E0E-4C0B-3944-9DA3-F9A89B852BF1}</UniqueIdentifier>
    </Filter>
  </ItemGroup>
</Project>
