<?xml version="1.0" encoding="UTF-8"?>
<Project ToolsVersion="14.0" xmlns="http://schemas.microsoft.com/developer/msbuild/2003">
  <ItemGroup>
    <CustomBuild Include="D:\Work\dlog\sdk\glog\CMakeLists.txt" />
    <CustomBuild Include="D:\Work\dlog\sdk\glogBuild32\CMakeFiles\25770f2f15e65c4abbd807e93f372f75\Experimental.rule">
      <Filter>CMake Rules</Filter>
    </CustomBuild>
  </ItemGroup>
  <ItemGroup>
    <None Include="D:\Work\dlog\sdk\glogBuild32\CMakeFiles\Experimental" />
  </ItemGroup>
  <ItemGroup>
    <Filter Include="CMake Rules">
      <UniqueIdentifier>{0CE467DE-A788-331D-8DCF-8EC36B021D89}</UniqueIdentifier>
    </Filter>
  </ItemGroup>
</Project>
