<?xml version="1.0" encoding="UTF-8"?>
<Project ToolsVersion="14.0" xmlns="http://schemas.microsoft.com/developer/msbuild/2003">
  <ItemGroup>
    <ClCompile Include="D:\Work\dlog\sdk\glog\src\stacktrace_unittest.cc">
      <Filter>Source Files</Filter>
    </ClCompile>
  </ItemGroup>
  <ItemGroup>
    <CustomBuild Include="D:\Work\dlog\sdk\glog\CMakeLists.txt" />
  </ItemGroup>
  <ItemGroup>
    <Filter Include="Source Files">
      <UniqueIdentifier>{F2C00760-F407-3CB2-B667-B820FF507CAE}</UniqueIdentifier>
    </Filter>
  </ItemGroup>
</Project>
